
Microsoft Visual Studio Solution File, Format Version 12.00
# Visual Studio Version 17
VisualStudioVersion = 17.4.33205.214
MinimumVisualStudioVersion = 10.0.40219.1
Project("{9A19103F-16F7-4668-BE54-9A1E7A4F7556}") = "CSharpProgram1", "ConsoleApp1\CSharpProgram1.csproj", "{9A69C24C-EE13-4E19-87F6-082797675ADA}"
EndProject
Global
	GlobalSection(SolutionConfigurationPlatforms) = preSolution
		Debug|Any CPU = Debug|Any CPU
		Release|Any CPU = Release|Any CPU
	EndGlobalSection
	GlobalSection(ProjectConfigurationPlatforms) = postSolution
		{9A69C24C-EE13-4E19-87F6-082797675ADA}.Debug|Any CPU.ActiveCfg = Debug|Any CPU
		{9A69C24C-EE13-4E19-87F6-082797675ADA}.Debug|Any CPU.Build.0 = Debug|Any CPU
		{9A69C24C-EE13-4E19-87F6-082797675ADA}.Release|Any CPU.ActiveCfg = Release|Any CPU
		{9A69C24C-EE13-4E19-87F6-082797675ADA}.Release|Any CPU.Build.0 = Release|Any CPU
	EndGlobalSection
	GlobalSection(SolutionProperties) = preSolution
		HideSolutionNode = FALSE
	EndGlobalSection
	GlobalSection(ExtensibilityGlobals) = postSolution
		SolutionGuid = {41015959-3590-4D8C-81DE-EE942B7E0193}
	EndGlobalSection
EndGlobal
